github.com/cakareli/XWS-Nistagram-2021/backend-nistagram/authenticationService v0.0.0-20210602160626-c4e8abbd7535 h1:86PI0qAyIkBj3VTWw7J6TSpx1jAokTy/JZRKZRLUrkY=
github.com/cakareli/XWS-Nistagram-2021/backend-nistagram/authenticationService v0.0.0-20210602160626-c4e8abbd7535/go.mod h1:4NhkjXRi1EzTNZqHJlKSKlszSazNMdrPAIMfsrtwJj8=
